
Microsoft Visual Studio Solution File, Format Version 12.00
# Visual Studio 15
VisualStudioVersion = 15.0.27428.2015
MinimumVisualStudioVersion = 10.0.40219.1
Project("{FAE04EC0-301F-11D3-BF4B-00C04F79EFBC}") = "MarielAPI", "MarielAPI\MarielAPI.csproj", "{46E7C929-10ED-40C7-9D21-3407EDD9A38F}"
EndProject
Global
	GlobalSection(SolutionConfigurationPlatforms) = preSolution
		Debug|Any CPU = Debug|Any CPU
		Release|Any CPU = Release|Any CPU
	EndGlobalSection
	GlobalSection(ProjectConfigurationPlatforms) = postSolution
		{46E7C929-10ED-40C7-9D21-3407EDD9A38F}.Debug|Any CPU.ActiveCfg = Debug|Any CPU
		{46E7C929-10ED-40C7-9D21-3407EDD9A38F}.Debug|Any CPU.Build.0 = Debug|Any CPU
		{46E7C929-10ED-40C7-9D21-3407EDD9A38F}.Release|Any CPU.ActiveCfg = Release|Any CPU
		{46E7C929-10ED-40C7-9D21-3407EDD9A38F}.Release|Any CPU.Build.0 = Release|Any CPU
	EndGlobalSection
	GlobalSection(SolutionProperties) = preSolution
		HideSolutionNode = FALSE
	EndGlobalSection
	GlobalSection(ExtensibilityGlobals) = postSolution
		SolutionGuid = {848AC828-3ADD-4DCE-B2CC-AE7A3321C520}
	EndGlobalSection
EndGlobal
